// !$*UTF8*$!
{
	archiveVersion = 1;
	classes = {
	};
	objectVersion = 51;
	objects = {

/* Begin PBXBuildFile section */
		113427DE3A2018A3CDB8C3F0 /* Pods_Stocks.framework in Frameworks */ = {isa = PBXBuildFile; fileRef = A693AFBA14CC900C599F6F71 /* Pods_Stocks.framework */; };
		B7195FC3269FBC0A009E44DF /* AppDelegate.swift in Sources */ = {isa = PBXBuildFile; fileRef = B7195FC2269FBC0A009E44DF /* AppDelegate.swift */; };
		B7195FC5269FBC0A009E44DF /* SceneDelegate.swift in Sources */ = {isa = PBXBuildFile; fileRef = B7195FC4269FBC0A009E44DF /* SceneDelegate.swift */; };
		B7195FC7269FBC0A009E44DF /* WatchListViewController.swift in Sources */ = {isa = PBXBuildFile; fileRef = B7195FC6269FBC0A009E44DF /* WatchListViewController.swift */; };
		B7195FCC269FBC0B009E44DF /* Assets.xcassets in Resources */ = {isa = PBXBuildFile; fileRef = B7195FCB269FBC0B009E44DF /* Assets.xcassets */; };
		B7195FCF269FBC0B009E44DF /* LaunchScreen.storyboard in Resources */ = {isa = PBXBuildFile; fileRef = B7195FCD269FBC0B009E44DF /* LaunchScreen.storyboard */; };
		B7195FDC269FBD1D009E44DF /* NewsViewController.swift in Sources */ = {isa = PBXBuildFile; fileRef = B7195FDB269FBD1D009E44DF /* NewsViewController.swift */; };
		B7195FDE269FBD2B009E44DF /* SearchResultsViewController.swift in Sources */ = {isa = PBXBuildFile; fileRef = B7195FDD269FBD2B009E44DF /* SearchResultsViewController.swift */; };
		B7195FE0269FBD38009E44DF /* StockDetailsViewController.swift in Sources */ = {isa = PBXBuildFile; fileRef = B7195FDF269FBD38009E44DF /* StockDetailsViewController.swift */; };
		B7195FE2269FBEF3009E44DF /* APICaller.swift in Sources */ = {isa = PBXBuildFile; fileRef = B7195FE1269FBEF3009E44DF /* APICaller.swift */; };
		B7195FE4269FBF0A009E44DF /* PersistenceManager.swift in Sources */ = {isa = PBXBuildFile; fileRef = B7195FE3269FBF0A009E44DF /* PersistenceManager.swift */; };
		B7195FE6269FBF19009E44DF /* HapticsManager.swift in Sources */ = {isa = PBXBuildFile; fileRef = B7195FE5269FBF19009E44DF /* HapticsManager.swift */; };
		B7195FE826A10F4D009E44DF /* Extensions.swift in Sources */ = {isa = PBXBuildFile; fileRef = B7195FE726A10F4D009E44DF /* Extensions.swift */; };
		B7195FEA26AF9819009E44DF /* SearchResultTableViewCell.swift in Sources */ = {isa = PBXBuildFile; fileRef = B7195FE926AF9819009E44DF /* SearchResultTableViewCell.swift */; };
		B7195FEC26AFC3F0009E44DF /* SearchResponse.swift in Sources */ = {isa = PBXBuildFile; fileRef = B7195FEB26AFC3F0009E44DF /* SearchResponse.swift */; };
		B7195FEE26B10398009E44DF /* PanelViewController.swift in Sources */ = {isa = PBXBuildFile; fileRef = B7195FED26B10398009E44DF /* PanelViewController.swift */; };
		B7195FF026B4BF55009E44DF /* NewsHeaderView.swift in Sources */ = {isa = PBXBuildFile; fileRef = B7195FEF26B4BF55009E44DF /* NewsHeaderView.swift */; };
		B7195FF226B4D451009E44DF /* NewsStory.swift in Sources */ = {isa = PBXBuildFile; fileRef = B7195FF126B4D451009E44DF /* NewsStory.swift */; };
		B7195FF426B4E1CB009E44DF /* NewsStoryTableViewCell.swift in Sources */ = {isa = PBXBuildFile; fileRef = B7195FF326B4E1CB009E44DF /* NewsStoryTableViewCell.swift */; };
/* End PBXBuildFile section */

/* Begin PBXFileReference section */
		50D1D0270A655C1E1F48E7B1 /* Pods-Stocks.debug.xcconfig */ = {isa = PBXFileReference; includeInIndex = 1; lastKnownFileType = text.xcconfig; name = "Pods-Stocks.debug.xcconfig"; path = "Target Support Files/Pods-Stocks/Pods-Stocks.debug.xcconfig"; sourceTree = "<group>"; };
		A693AFBA14CC900C599F6F71 /* Pods_Stocks.framework */ = {isa = PBXFileReference; explicitFileType = wrapper.framework; includeInIndex = 0; path = Pods_Stocks.framework; sourceTree = BUILT_PRODUCTS_DIR; };
		B7195FBF269FBC0A009E44DF /* Stocks.app */ = {isa = PBXFileReference; explicitFileType = wrapper.application; includeInIndex = 0; path = Stocks.app; sourceTree = BUILT_PRODUCTS_DIR; };
		B7195FC2269FBC0A009E44DF /* AppDelegate.swift */ = {isa = PBXFileReference; lastKnownFileType = sourcecode.swift; path = AppDelegate.swift; sourceTree = "<group>"; };
		B7195FC4269FBC0A009E44DF /* SceneDelegate.swift */ = {isa = PBXFileReference; lastKnownFileType = sourcecode.swift; path = SceneDelegate.swift; sourceTree = "<group>"; };
		B7195FC6269FBC0A009E44DF /* WatchListViewController.swift */ = {isa = PBXFileReference; lastKnownFileType = sourcecode.swift; path = WatchListViewController.swift; sourceTree = "<group>"; };
		B7195FCB269FBC0B009E44DF /* Assets.xcassets */ = {isa = PBXFileReference; lastKnownFileType = folder.assetcatalog; path = Assets.xcassets; sourceTree = "<group>"; };
		B7195FCE269FBC0B009E44DF /* Base */ = {isa = PBXFileReference; lastKnownFileType = file.storyboard; name = Base; path = Base.lproj/LaunchScreen.storyboard; sourceTree = "<group>"; };
		B7195FD0269FBC0B009E44DF /* Info.plist */ = {isa = PBXFileReference; lastKnownFileType = text.plist.xml; path = Info.plist; sourceTree = "<group>"; };
		B7195FDB269FBD1D009E44DF /* NewsViewController.swift */ = {isa = PBXFileReference; lastKnownFileType = sourcecode.swift; path = NewsViewController.swift; sourceTree = "<group>"; };
		B7195FDD269FBD2B009E44DF /* SearchResultsViewController.swift */ = {isa = PBXFileReference; lastKnownFileType = sourcecode.swift; path = SearchResultsViewController.swift; sourceTree = "<group>"; };
		B7195FDF269FBD38009E44DF /* StockDetailsViewController.swift */ = {isa = PBXFileReference; lastKnownFileType = sourcecode.swift; path = StockDetailsViewController.swift; sourceTree = "<group>"; };
		B7195FE1269FBEF3009E44DF /* APICaller.swift */ = {isa = PBXFileReference; lastKnownFileType = sourcecode.swift; path = APICaller.swift; sourceTree = "<group>"; };
		B7195FE3269FBF0A009E44DF /* PersistenceManager.swift */ = {isa = PBXFileReference; lastKnownFileType = sourcecode.swift; path = PersistenceManager.swift; sourceTree = "<group>"; };
		B7195FE5269FBF19009E44DF /* HapticsManager.swift */ = {isa = PBXFileReference; lastKnownFileType = sourcecode.swift; path = HapticsManager.swift; sourceTree = "<group>"; };
		B7195FE726A10F4D009E44DF /* Extensions.swift */ = {isa = PBXFileReference; lastKnownFileType = sourcecode.swift; path = Extensions.swift; sourceTree = "<group>"; };
		B7195FE926AF9819009E44DF /* SearchResultTableViewCell.swift */ = {isa = PBXFileReference; lastKnownFileType = sourcecode.swift; path = SearchResultTableViewCell.swift; sourceTree = "<group>"; };
		B7195FEB26AFC3F0009E44DF /* SearchResponse.swift */ = {isa = PBXFileReference; lastKnownFileType = sourcecode.swift; path = SearchResponse.swift; sourceTree = "<group>"; };
		B7195FED26B10398009E44DF /* PanelViewController.swift */ = {isa = PBXFileReference; lastKnownFileType = sourcecode.swift; path = PanelViewController.swift; sourceTree = "<group>"; };
		B7195FEF26B4BF55009E44DF /* NewsHeaderView.swift */ = {isa = PBXFileReference; lastKnownFileType = sourcecode.swift; path = NewsHeaderView.swift; sourceTree = "<group>"; };
		B7195FF126B4D451009E44DF /* NewsStory.swift */ = {isa = PBXFileReference; lastKnownFileType = sourcecode.swift; path = NewsStory.swift; sourceTree = "<group>"; };
		B7195FF326B4E1CB009E44DF /* NewsStoryTableViewCell.swift */ = {isa = PBXFileReference; lastKnownFileType = sourcecode.swift; path = NewsStoryTableViewCell.swift; sourceTree = "<group>"; };
		C880FCC5BB60E4B7799ACD73 /* Pods-Stocks.release.xcconfig */ = {isa = PBXFileReference; includeInIndex = 1; lastKnownFileType = text.xcconfig; name = "Pods-Stocks.release.xcconfig"; path = "Target Support Files/Pods-Stocks/Pods-Stocks.release.xcconfig"; sourceTree = "<group>"; };
/* End PBXFileReference section */

/* Begin PBXFrameworksBuildPhase section */
		B7195FBC269FBC0A009E44DF /* Frameworks */ = {
			isa = PBXFrameworksBuildPhase;
			buildActionMask = 2147483647;
			files = (
				113427DE3A2018A3CDB8C3F0 /* Pods_Stocks.framework in Frameworks */,
			);
			runOnlyForDeploymentPostprocessing = 0;
		};
/* End PBXFrameworksBuildPhase section */

/* Begin PBXGroup section */
		4F4447F30BF24F899428B734 /* Frameworks */ = {
			isa = PBXGroup;
			children = (
				A693AFBA14CC900C599F6F71 /* Pods_Stocks.framework */,
			);
			name = Frameworks;
			sourceTree = "<group>";
		};
		B7195FB6269FBC0A009E44DF = {
			isa = PBXGroup;
			children = (
				B7195FC1269FBC0A009E44DF /* Stocks */,
				B7195FC0269FBC0A009E44DF /* Products */,
				CDB8C11B9DA3D1D2B8F8B149 /* Pods */,
				4F4447F30BF24F899428B734 /* Frameworks */,
			);
			sourceTree = "<group>";
		};
		B7195FC0269FBC0A009E44DF /* Products */ = {
			isa = PBXGroup;
			children = (
				B7195FBF269FBC0A009E44DF /* Stocks.app */,
			);
			name = Products;
			sourceTree = "<group>";
		};
		B7195FC1269FBC0A009E44DF /* Stocks */ = {
			isa = PBXGroup;
			children = (
				B7195FDA269FBC7C009E44DF /* Other */,
				B7195FD9269FBC76009E44DF /* Managers */,
				B7195FD8269FBC54009E44DF /* Controllers */,
				B7195FD7269FBC4E009E44DF /* Views */,
				B7195FD6269FBC46009E44DF /* Models */,
				B7195FD0269FBC0B009E44DF /* Info.plist */,
			);
			path = Stocks;
			sourceTree = "<group>";
		};
		B7195FD6269FBC46009E44DF /* Models */ = {
			isa = PBXGroup;
			children = (
				B7195FEB26AFC3F0009E44DF /* SearchResponse.swift */,
				B7195FF126B4D451009E44DF /* NewsStory.swift */,
			);
			path = Models;
			sourceTree = "<group>";
		};
		B7195FD7269FBC4E009E44DF /* Views */ = {
			isa = PBXGroup;
			children = (
				B7195FCD269FBC0B009E44DF /* LaunchScreen.storyboard */,
				B7195FE926AF9819009E44DF /* SearchResultTableViewCell.swift */,
				B7195FEF26B4BF55009E44DF /* NewsHeaderView.swift */,
				B7195FF326B4E1CB009E44DF /* NewsStoryTableViewCell.swift */,
			);
			path = Views;
			sourceTree = "<group>";
		};
		B7195FD8269FBC54009E44DF /* Controllers */ = {
			isa = PBXGroup;
			children = (
				B7195FC6269FBC0A009E44DF /* WatchListViewController.swift */,
				B7195FDB269FBD1D009E44DF /* NewsViewController.swift */,
				B7195FDD269FBD2B009E44DF /* SearchResultsViewController.swift */,
				B7195FDF269FBD38009E44DF /* StockDetailsViewController.swift */,
				B7195FED26B10398009E44DF /* PanelViewController.swift */,
			);
			path = Controllers;
			sourceTree = "<group>";
		};
		B7195FD9269FBC76009E44DF /* Managers */ = {
			isa = PBXGroup;
			children = (
				B7195FE1269FBEF3009E44DF /* APICaller.swift */,
				B7195FE3269FBF0A009E44DF /* PersistenceManager.swift */,
				B7195FE5269FBF19009E44DF /* HapticsManager.swift */,
			);
			path = Managers;
			sourceTree = "<group>";
		};
		B7195FDA269FBC7C009E44DF /* Other */ = {
			isa = PBXGroup;
			children = (
				B7195FCB269FBC0B009E44DF /* Assets.xcassets */,
				B7195FC4269FBC0A009E44DF /* SceneDelegate.swift */,
				B7195FC2269FBC0A009E44DF /* AppDelegate.swift */,
				B7195FE726A10F4D009E44DF /* Extensions.swift */,
			);
			path = Other;
			sourceTree = "<group>";
		};
		CDB8C11B9DA3D1D2B8F8B149 /* Pods */ = {
			isa = PBXGroup;
			children = (
				50D1D0270A655C1E1F48E7B1 /* Pods-Stocks.debug.xcconfig */,
				C880FCC5BB60E4B7799ACD73 /* Pods-Stocks.release.xcconfig */,
			);
			path = Pods;
			sourceTree = "<group>";
		};
/* End PBXGroup section */

/* Begin PBXNativeTarget section */
		B7195FBE269FBC0A009E44DF /* Stocks */ = {
			isa = PBXNativeTarget;
			buildConfigurationList = B7195FD3269FBC0B009E44DF /* Build configuration list for PBXNativeTarget "Stocks" */;
			buildPhases = (
				7477DE20525AFFAF3078D1A0 /* [CP] Check Pods Manifest.lock */,
				B7195FBB269FBC0A009E44DF /* Sources */,
				B7195FBC269FBC0A009E44DF /* Frameworks */,
				B7195FBD269FBC0A009E44DF /* Resources */,
				DE7B3B1EC8620988D7488080 /* [CP] Embed Pods Frameworks */,
			);
			buildRules = (
			);
			dependencies = (
			);
			name = Stocks;
			productName = Stocks;
			productReference = B7195FBF269FBC0A009E44DF /* Stocks.app */;
			productType = "com.apple.product-type.application";
		};
/* End PBXNativeTarget section */

/* Begin PBXProject section */
		B7195FB7269FBC0A009E44DF /* Project object */ = {
			isa = PBXProject;
			attributes = {
				LastSwiftUpdateCheck = 1250;
				LastUpgradeCheck = 1250;
				TargetAttributes = {
					B7195FBE269FBC0A009E44DF = {
						CreatedOnToolsVersion = 12.5.1;
					};
				};
			};
			buildConfigurationList = B7195FBA269FBC0A009E44DF /* Build configuration list for PBXProject "Stocks" */;
			compatibilityVersion = "Xcode 9.3";
			developmentRegion = en;
			hasScannedForEncodings = 0;
			knownRegions = (
				en,
				Base,
			);
			mainGroup = B7195FB6269FBC0A009E44DF;
			productRefGroup = B7195FC0269FBC0A009E44DF /* Products */;
			projectDirPath = "";
			projectRoot = "";
			targets = (
				B7195FBE269FBC0A009E44DF /* Stocks */,
			);
		};
/* End PBXProject section */

/* Begin PBXResourcesBuildPhase section */
		B7195FBD269FBC0A009E44DF /* Resources */ = {
			isa = PBXResourcesBuildPhase;
			buildActionMask = 2147483647;
			files = (
				B7195FCF269FBC0B009E44DF /* LaunchScreen.storyboard in Resources */,
				B7195FCC269FBC0B009E44DF /* Assets.xcassets in Resources */,
			);
			runOnlyForDeploymentPostprocessing = 0;
		};
/* End PBXResourcesBuildPhase section */

/* Begin PBXShellScriptBuildPhase section */
		7477DE20525AFFAF3078D1A0 /* [CP] Check Pods Manifest.lock */ = {
			isa = PBXShellScriptBuildPhase;
			buildActionMask = 2147483647;
			files = (
			);
			inputFileListPaths = (
			);
			inputPaths = (
				"${PODS_PODFILE_DIR_PATH}/Podfile.lock",
				"${PODS_ROOT}/Manifest.lock",
			);
			name = "[CP] Check Pods Manifest.lock";
			outputFileListPaths = (
			);
			outputPaths = (
				"$(DERIVED_FILE_DIR)/Pods-Stocks-checkManifestLockResult.txt",
			);
			runOnlyForDeploymentPostprocessing = 0;
			shellPath = /bin/sh;
			shellScript = "diff \"${PODS_PODFILE_DIR_PATH}/Podfile.lock\" \"${PODS_ROOT}/Manifest.lock\" > /dev/null\nif [ $? != 0 ] ; then\n    # print error to STDERR\n    echo \"error: The sandbox is not in sync with the Podfile.lock. Run 'pod install' or update your CocoaPods installation.\" >&2\n    exit 1\nfi\n# This output is used by Xcode 'outputs' to avoid re-running this script phase.\necho \"SUCCESS\" > \"${SCRIPT_OUTPUT_FILE_0}\"\n";
			showEnvVarsInLog = 0;
		};
		DE7B3B1EC8620988D7488080 /* [CP] Embed Pods Frameworks */ = {
			isa = PBXShellScriptBuildPhase;
			buildActionMask = 2147483647;
			files = (
			);
			inputFileListPaths = (
				"${PODS_ROOT}/Target Support Files/Pods-Stocks/Pods-Stocks-frameworks-${CONFIGURATION}-input-files.xcfilelist",
			);
			name = "[CP] Embed Pods Frameworks";
			outputFileListPaths = (
				"${PODS_ROOT}/Target Support Files/Pods-Stocks/Pods-Stocks-frameworks-${CONFIGURATION}-output-files.xcfilelist",
			);
			runOnlyForDeploymentPostprocessing = 0;
			shellPath = /bin/sh;
			shellScript = "\"${PODS_ROOT}/Target Support Files/Pods-Stocks/Pods-Stocks-frameworks.sh\"\n";
			showEnvVarsInLog = 0;
		};
/* End PBXShellScriptBuildPhase section */

/* Begin PBXSourcesBuildPhase section */
		B7195FBB269FBC0A009E44DF /* Sources */ = {
			isa = PBXSourcesBuildPhase;
			buildActionMask = 2147483647;
			files = (
				B7195FE6269FBF19009E44DF /* HapticsManager.swift in Sources */,
				B7195FEA26AF9819009E44DF /* SearchResultTableViewCell.swift in Sources */,
				B7195FE0269FBD38009E44DF /* StockDetailsViewController.swift in Sources */,
				B7195FC7269FBC0A009E44DF /* WatchListViewController.swift in Sources */,
				B7195FDC269FBD1D009E44DF /* NewsViewController.swift in Sources */,
				B7195FE4269FBF0A009E44DF /* PersistenceManager.swift in Sources */,
				B7195FF026B4BF55009E44DF /* NewsHeaderView.swift in Sources */,
				B7195FF226B4D451009E44DF /* NewsStory.swift in Sources */,
				B7195FF426B4E1CB009E44DF /* NewsStoryTableViewCell.swift in Sources */,
				B7195FE826A10F4D009E44DF /* Extensions.swift in Sources */,
				B7195FE2269FBEF3009E44DF /* APICaller.swift in Sources */,
				B7195FEC26AFC3F0009E44DF /* SearchResponse.swift in Sources */,
				B7195FC3269FBC0A009E44DF /* AppDelegate.swift in Sources */,
				B7195FC5269FBC0A009E44DF /* SceneDelegate.swift in Sources */,
				B7195FEE26B10398009E44DF /* PanelViewController.swift in Sources */,
				B7195FDE269FBD2B009E44DF /* SearchResultsViewController.swift in Sources */,
			);
			runOnlyForDeploymentPostprocessing = 0;
		};
/* End PBXSourcesBuildPhase section */

/* Begin PBXVariantGroup section */
		B7195FCD269FBC0B009E44DF /* LaunchScreen.storyboard */ = {
			isa = PBXVariantGroup;
			children = (
				B7195FCE269FBC0B009E44DF /* Base */,
			);
			name = LaunchScreen.storyboard;
			sourceTree = "<group>";
		};
/* End PBXVariantGroup section */

/* Begin XCBuildConfiguration section */
		B7195FD1269FBC0B009E44DF /* Debug */ = {
			isa = XCBuildConfiguration;
			buildSettings = {
				ALWAYS_SEARCH_USER_PATHS = NO;
				CLANG_ANALYZER_NONNULL = YES;
				CLANG_ANALYZER_NUMBER_OBJECT_CONVERSION = YES_AGGRESSIVE;
				CLANG_CXX_LANGUAGE_STANDARD = "gnu++14";
				CLANG_CXX_LIBRARY = "libc++";
				CLANG_ENABLE_MODULES = YES;
				CLANG_ENABLE_OBJC_ARC = YES;
				CLANG_ENABLE_OBJC_WEAK = YES;
				CLANG_WARN_BLOCK_CAPTURE_AUTORELEASING = YES;
				CLANG_WARN_BOOL_CONVERSION = YES;
				CLANG_WARN_COMMA = YES;
				CLANG_WARN_CONSTANT_CONVERSION = YES;
				CLANG_WARN_DEPRECATED_OBJC_IMPLEMENTATIONS = YES;
				CLANG_WARN_DIRECT_OBJC_ISA_USAGE = YES_ERROR;
				CLANG_WARN_DOCUMENTATION_COMMENTS = YES;
				CLANG_WARN_EMPTY_BODY = YES;
				CLANG_WARN_ENUM_CONVERSION = YES;
				CLANG_WARN_INFINITE_RECURSION = YES;
				CLANG_WARN_INT_CONVERSION = YES;
				CLANG_WARN_NON_LITERAL_NULL_CONVERSION = YES;
				CLANG_WARN_OBJC_IMPLICIT_RETAIN_SELF = YES;
				CLANG_WARN_OBJC_LITERAL_CONVERSION = YES;
				CLANG_WARN_OBJC_ROOT_CLASS = YES_ERROR;
				CLANG_WARN_QUOTED_INCLUDE_IN_FRAMEWORK_HEADER = YES;
				CLANG_WARN_RANGE_LOOP_ANALYSIS = YES;
				CLANG_WARN_STRICT_PROTOTYPES = YES;
				CLANG_WARN_SUSPICIOUS_MOVE = YES;
				CLANG_WARN_UNGUARDED_AVAILABILITY = YES_AGGRESSIVE;
				CLANG_WARN_UNREACHABLE_CODE = YES;
				CLANG_WARN__DUPLICATE_METHOD_MATCH = YES;
				COPY_PHASE_STRIP = NO;
				DEBUG_INFORMATION_FORMAT = dwarf;
				ENABLE_STRICT_OBJC_MSGSEND = YES;
				ENABLE_TESTABILITY = YES;
				GCC_C_LANGUAGE_STANDARD = gnu11;
				GCC_DYNAMIC_NO_PIC = NO;
				GCC_NO_COMMON_BLOCKS = YES;
				GCC_OPTIMIZATION_LEVEL = 0;
				GCC_PREPROCESSOR_DEFINITIONS = (
					"DEBUG=1",
					"$(inherited)",
				);
				GCC_WARN_64_TO_32_BIT_CONVERSION = YES;
				GCC_WARN_ABOUT_RETURN_TYPE = YES_ERROR;
				GCC_WARN_UNDECLARED_SELECTOR = YES;
				GCC_WARN_UNINITIALIZED_AUTOS = YES_AGGRESSIVE;
				GCC_WARN_UNUSED_FUNCTION = YES;
				GCC_WARN_UNUSED_VARIABLE = YES;
				IPHONEOS_DEPLOYMENT_TARGET = 14.5;
				MTL_ENABLE_DEBUG_INFO = INCLUDE_SOURCE;
				MTL_FAST_MATH = YES;
				ONLY_ACTIVE_ARCH = YES;
				SDKROOT = iphoneos;
				SWIFT_ACTIVE_COMPILATION_CONDITIONS = DEBUG;
				SWIFT_OPTIMIZATION_LEVEL = "-Onone";
			};
			name = Debug;
		};
		B7195FD2269FBC0B009E44DF /* Release */ = {
			isa = XCBuildConfiguration;
			buildSettings = {
				ALWAYS_SEARCH_USER_PATHS = NO;
				CLANG_ANALYZER_NONNULL = YES;
				CLANG_ANALYZER_NUMBER_OBJECT_CONVERSION = YES_AGGRESSIVE;
				CLANG_CXX_LANGUAGE_STANDARD = "gnu++14";
				CLANG_CXX_LIBRARY = "libc++";
				CLANG_ENABLE_MODULES = YES;
				CLANG_ENABLE_OBJC_ARC = YES;
				CLANG_ENABLE_OBJC_WEAK = YES;
				CLANG_WARN_BLOCK_CAPTURE_AUTORELEASING = YES;
				CLANG_WARN_BOOL_CONVERSION = YES;
				CLANG_WARN_COMMA = YES;
				CLANG_WARN_CONSTANT_CONVERSION = YES;
				CLANG_WARN_DEPRECATED_OBJC_IMPLEMENTATIONS = YES;
				CLANG_WARN_DIRECT_OBJC_ISA_USAGE = YES_ERROR;
				CLANG_WARN_DOCUMENTATION_COMMENTS = YES;
				CLANG_WARN_EMPTY_BODY = YES;
				CLANG_WARN_ENUM_CONVERSION = YES;
				CLANG_WARN_INFINITE_RECURSION = YES;
				CLANG_WARN_INT_CONVERSION = YES;
				CLANG_WARN_NON_LITERAL_NULL_CONVERSION = YES;
				CLANG_WARN_OBJC_IMPLICIT_RETAIN_SELF = YES;
				CLANG_WARN_OBJC_LITERAL_CONVERSION = YES;
				CLANG_WARN_OBJC_ROOT_CLASS = YES_ERROR;
				CLANG_WARN_QUOTED_INCLUDE_IN_FRAMEWORK_HEADER = YES;
				CLANG_WARN_RANGE_LOOP_ANALYSIS = YES;
				CLANG_WARN_STRICT_PROTOTYPES = YES;
				CLANG_WARN_SUSPICIOUS_MOVE = YES;
				CLANG_WARN_UNGUARDED_AVAILABILITY = YES_AGGRESSIVE;
				CLANG_WARN_UNREACHABLE_CODE = YES;
				CLANG_WARN__DUPLICATE_METHOD_MATCH = YES;
				COPY_PHASE_STRIP = NO;
				DEBUG_INFORMATION_FORMAT = "dwarf-with-dsym";
				ENABLE_NS_ASSERTIONS = NO;
				ENABLE_STRICT_OBJC_MSGSEND = YES;
				GCC_C_LANGUAGE_STANDARD = gnu11;
				GCC_NO_COMMON_BLOCKS = YES;
				GCC_WARN_64_TO_32_BIT_CONVERSION = YES;
				GCC_WARN_ABOUT_RETURN_TYPE = YES_ERROR;
				GCC_WARN_UNDECLARED_SELECTOR = YES;
				GCC_WARN_UNINITIALIZED_AUTOS = YES_AGGRESSIVE;
				GCC_WARN_UNUSED_FUNCTION = YES;
				GCC_WARN_UNUSED_VARIABLE = YES;
				IPHONEOS_DEPLOYMENT_TARGET = 14.5;
				MTL_ENABLE_DEBUG_INFO = NO;
				MTL_FAST_MATH = YES;
				SDKROOT = iphoneos;
				SWIFT_COMPILATION_MODE = wholemodule;
				SWIFT_OPTIMIZATION_LEVEL = "-O";
				VALIDATE_PRODUCT = YES;
			};
			name = Release;
		};
		B7195FD4269FBC0B009E44DF /* Debug */ = {
			isa = XCBuildConfiguration;
			baseConfigurationReference = 50D1D0270A655C1E1F48E7B1 /* Pods-Stocks.debug.xcconfig */;
			buildSettings = {
				ASSETCATALOG_COMPILER_APPICON_NAME = AppIcon;
				ASSETCATALOG_COMPILER_GLOBAL_ACCENT_COLOR_NAME = AccentColor;
				CODE_SIGN_STYLE = Automatic;
				DEVELOPMENT_TEAM = B8H5489DU2;
				INFOPLIST_FILE = Stocks/Info.plist;
				IPHONEOS_DEPLOYMENT_TARGET = 13.0;
				LD_RUNPATH_SEARCH_PATHS = (
					"$(inherited)",
					"@executable_path/Frameworks",
				);
				PRODUCT_BUNDLE_IDENTIFIER = DD.Stocks;
				PRODUCT_NAME = "$(TARGET_NAME)";
				SWIFT_VERSION = 5.0;
				TARGETED_DEVICE_FAMILY = 1;
			};
			name = Debug;
		};
		B7195FD5269FBC0B009E44DF /* Release */ = {
			isa = XCBuildConfiguration;
			baseConfigurationReference = C880FCC5BB60E4B7799ACD73 /* Pods-Stocks.release.xcconfig */;
			buildSettings = {
				ASSETCATALOG_COMPILER_APPICON_NAME = AppIcon;
				ASSETCATALOG_COMPILER_GLOBAL_ACCENT_COLOR_NAME = AccentColor;
				CODE_SIGN_STYLE = Automatic;
				DEVELOPMENT_TEAM = B8H5489DU2;
				INFOPLIST_FILE = Stocks/Info.plist;
				IPHONEOS_DEPLOYMENT_TARGET = 13.0;
				LD_RUNPATH_SEARCH_PATHS = (
					"$(inherited)",
					"@executable_path/Frameworks",
				);
				PRODUCT_BUNDLE_IDENTIFIER = DD.Stocks;
				PRODUCT_NAME = "$(TARGET_NAME)";
				SWIFT_VERSION = 5.0;
				TARGETED_DEVICE_FAMILY = 1;
			};
			name = Release;
		};
/* End XCBuildConfiguration section */

/* Begin XCConfigurationList section */
		B7195FBA269FBC0A009E44DF /* Build configuration list for PBXProject "Stocks" */ = {
			isa = XCConfigurationList;
			buildConfigurations = (
				B7195FD1269FBC0B009E44DF /* Debug */,
				B7195FD2269FBC0B009E44DF /* Release */,
			);
			defaultConfigurationIsVisible = 0;
			defaultConfigurationName = Release;
		};
		B7195FD3269FBC0B009E44DF /* Build configuration list for PBXNativeTarget "Stocks" */ = {
			isa = XCConfigurationList;
			buildConfigurations = (
				B7195FD4269FBC0B009E44DF /* Debug */,
				B7195FD5269FBC0B009E44DF /* Release */,
			);
			defaultConfigurationIsVisible = 0;
			defaultConfigurationName = Release;
		};
/* End XCConfigurationList section */
	};
	rootObject = B7195FB7269FBC0A009E44DF /* Project object */;
}
